
Microsoft Visual Studio Solution File, Format Version 12.00
# Visual Studio Version 16
VisualStudioVersion = 16.0.31424.327
MinimumVisualStudioVersion = 10.0.40219.1
Project("{9A19103F-16F7-4668-BE54-9A1E7A4F7556}") = "CSharpInDepth4", "CSharpInDepth4\CSharpInDepth4.csproj", "{F235EBAE-CBC1-4ADA-9F51-82361D17DA87}"
EndProject
Project("{FAE04EC0-301F-11D3-BF4B-00C04F79EFBC}") = "Fibonacci", "Fibonacci\Fibonacci.csproj", "{B40AEF17-A0A2-4705-ADF0-D6A56EB6DEE7}"
EndProject
Global
	GlobalSection(SolutionConfigurationPlatforms) = preSolution
		Debug|Any CPU = Debug|Any CPU
		Release|Any CPU = Release|Any CPU
	EndGlobalSection
	GlobalSection(ProjectConfigurationPlatforms) = postSolution
		{F235EBAE-CBC1-4ADA-9F51-82361D17DA87}.Debug|Any CPU.ActiveCfg = Debug|Any CPU
		{F235EBAE-CBC1-4ADA-9F51-82361D17DA87}.Debug|Any CPU.Build.0 = Debug|Any CPU
		{F235EBAE-CBC1-4ADA-9F51-82361D17DA87}.Release|Any CPU.ActiveCfg = Release|Any CPU
		{F235EBAE-CBC1-4ADA-9F51-82361D17DA87}.Release|Any CPU.Build.0 = Release|Any CPU
		{B40AEF17-A0A2-4705-ADF0-D6A56EB6DEE7}.Debug|Any CPU.ActiveCfg = Debug|Any CPU
		{B40AEF17-A0A2-4705-ADF0-D6A56EB6DEE7}.Debug|Any CPU.Build.0 = Debug|Any CPU
		{B40AEF17-A0A2-4705-ADF0-D6A56EB6DEE7}.Release|Any CPU.ActiveCfg = Release|Any CPU
		{B40AEF17-A0A2-4705-ADF0-D6A56EB6DEE7}.Release|Any CPU.Build.0 = Release|Any CPU
	EndGlobalSection
	GlobalSection(SolutionProperties) = preSolution
		HideSolutionNode = FALSE
	EndGlobalSection
	GlobalSection(ExtensibilityGlobals) = postSolution
		SolutionGuid = {D80D288C-2F0D-4AED-93B8-6133A0B638CE}
	EndGlobalSection
EndGlobal
